// !$*UTF8*$!
{
	archiveVersion = 1;
	classes = {
	};
	objectVersion = 77;
	objects = {

/* Begin PBXBuildFile section */
		4E9F81ED2F0C32C300BF3618 /* Benchpress_Incline Dumbbell.gif in Resources */ = {isa = PBXBuildFile; fileRef = 4E9F81E72F0C32C300BF3618 /* Benchpress_Incline Dumbbell.gif */; };
		4E9F81EE2F0C32C300BF3618 /* CurlsBizeps_Cable.gif in Resources */ = {isa = PBXBuildFile; fileRef = 4E9F81E92F0C32C300BF3618 /* CurlsBizeps_Cable.gif */; };
		4E9F81EF2F0C32C300BF3618 /* ShoulderPress_SeatedDumbbell.gif in Resources */ = {isa = PBXBuildFile; fileRef = 4E9F81EC2F0C32C300BF3618 /* ShoulderPress_SeatedDumbbell.gif */; };
		4E9F81F02F0C32C300BF3618 /* PushdownTriceps_Cable.gif in Resources */ = {isa = PBXBuildFile; fileRef = 4E9F81EB2F0C32C300BF3618 /* PushdownTriceps_Cable.gif */; };
		4E9F81F12F0C32C300BF3618 /* Benchpress_Machine.gif in Resources */ = {isa = PBXBuildFile; fileRef = 4E9F81E82F0C32C300BF3618 /* Benchpress_Machine.gif */; };
		4E9F81F22F0C32C300BF3618 /* HammerCurls_Dumbbell.gif in Resources */ = {isa = PBXBuildFile; fileRef = 4E9F81EA2F0C32C300BF3618 /* HammerCurls_Dumbbell.gif */; };
		4EF7B9B62F08133700C603DC /* WidgetKit.framework in Frameworks */ = {isa = PBXBuildFile; fileRef = 4EF7B9B52F08133600C603DC /* WidgetKit.framework */; };
		4EF7B9B82F08133700C603DC /* SwiftUI.framework in Frameworks */ = {isa = PBXBuildFile; fileRef = 4EF7B9B72F08133700C603DC /* SwiftUI.framework */; };
		4EF7B9C72F08133700C603DC /* MotionCoreWidgetsExtension.appex in Embed Foundation Extensions */ = {isa = PBXBuildFile; fileRef = 4EF7B9B32F08133600C603DC /* MotionCoreWidgetsExtension.appex */; settings = {ATTRIBUTES = (RemoveHeadersOnCopy, ); }; };
/* End PBXBuildFile section */

/* Begin PBXContainerItemProxy section */
		4EF7B9C52F08133700C603DC /* PBXContainerItemProxy */ = {
			isa = PBXContainerItemProxy;
			containerPortal = 4EBA61652EA7C87D002426EE /* Project object */;
			proxyType = 1;
			remoteGlobalIDString = 4EF7B9B22F08133600C603DC;
			remoteInfo = MotionCoreWidgetsExtension;
		};
/* End PBXContainerItemProxy section */

/* Begin PBXCopyFilesBuildPhase section */
		4EF7B9C82F08133700C603DC /* Embed Foundation Extensions */ = {
			isa = PBXCopyFilesBuildPhase;
			buildActionMask = 2147483647;
			dstPath = "";
			dstSubfolderSpec = 13;
			files = (
				4EF7B9C72F08133700C603DC /* MotionCoreWidgetsExtension.appex in Embed Foundation Extensions */,
			);
			name = "Embed Foundation Extensions";
			runOnlyForDeploymentPostprocessing = 0;
		};
/* End PBXCopyFilesBuildPhase section */

/* Begin PBXFileReference section */
		4E9F81E72F0C32C300BF3618 /* Benchpress_Incline Dumbbell.gif */ = {isa = PBXFileReference; lastKnownFileType = image.gif; path = "Benchpress_Incline Dumbbell.gif"; sourceTree = "<group>"; };
		4E9F81E82F0C32C300BF3618 /* Benchpress_Machine.gif */ = {isa = PBXFileReference; lastKnownFileType = image.gif; path = Benchpress_Machine.gif; sourceTree = "<group>"; };
		4E9F81E92F0C32C300BF3618 /* CurlsBizeps_Cable.gif */ = {isa = PBXFileReference; lastKnownFileType = image.gif; path = CurlsBizeps_Cable.gif; sourceTree = "<group>"; };
		4E9F81EA2F0C32C300BF3618 /* HammerCurls_Dumbbell.gif */ = {isa = PBXFileReference; lastKnownFileType = image.gif; path = HammerCurls_Dumbbell.gif; sourceTree = "<group>"; };
		4E9F81EB2F0C32C300BF3618 /* PushdownTriceps_Cable.gif */ = {isa = PBXFileReference; lastKnownFileType = image.gif; path = PushdownTriceps_Cable.gif; sourceTree = "<group>"; };
		4E9F81EC2F0C32C300BF3618 /* ShoulderPress_SeatedDumbbell.gif */ = {isa = PBXFileReference; lastKnownFileType = image.gif; path = ShoulderPress_SeatedDumbbell.gif; sourceTree = "<group>"; };
		4EBA616D2EA7C87D002426EE /* MotionCore.app */ = {isa = PBXFileReference; explicitFileType = wrapper.application; includeInIndex = 0; path = MotionCore.app; sourceTree = BUILT_PRODUCTS_DIR; };
		4EF7B9B32F08133600C603DC /* MotionCoreWidgetsExtension.appex */ = {isa = PBXFileReference; explicitFileType = "wrapper.app-extension"; includeInIndex = 0; path = MotionCoreWidgetsExtension.appex; sourceTree = BUILT_PRODUCTS_DIR; };
		4EF7B9B52F08133600C603DC /* WidgetKit.framework */ = {isa = PBXFileReference; lastKnownFileType = wrapper.framework; name = WidgetKit.framework; path = System/Library/Frameworks/WidgetKit.framework; sourceTree = SDKROOT; };
		4EF7B9B72F08133700C603DC /* SwiftUI.framework */ = {isa = PBXFileReference; lastKnownFileType = wrapper.framework; name = SwiftUI.framework; path = System/Library/Frameworks/SwiftUI.framework; sourceTree = SDKROOT; };
		4EF7B9CD2F08146300C603DC /* MotionCoreWidgetsExtension.entitlements */ = {isa = PBXFileReference; lastKnownFileType = text.plist.entitlements; path = MotionCoreWidgetsExtension.entitlements; sourceTree = "<group>"; };
/* End PBXFileReference section */

/* Begin PBXFileSystemSynchronizedBuildFileExceptionSet section */
		4E0C700B2EBB7C81007CE982 /* Exceptions for "MotionCore" folder in "MotionCore" target */ = {
			isa = PBXFileSystemSynchronizedBuildFileExceptionSet;
			membershipExceptions = (
				Info.plist,
			);
			target = 4EBA616C2EA7C87D002426EE /* MotionCore */;
		};
		4EF7B9CB2F08133700C603DC /* Exceptions for "MotionCoreWidgets" folder in "MotionCoreWidgetsExtension" target */ = {
			isa = PBXFileSystemSynchronizedBuildFileExceptionSet;
			membershipExceptions = (
				Info.plist,
			);
			target = 4EF7B9B22F08133600C603DC /* MotionCoreWidgetsExtension */;
		};
		4EF7B9D12F0815DC00C603DC /* Exceptions for "MotionCoreWidgets" folder in "MotionCore" target */ = {
			isa = PBXFileSystemSynchronizedBuildFileExceptionSet;
			membershipExceptions = (
				WorkoutActivityAttributes.swift,
			);
			target = 4EBA616C2EA7C87D002426EE /* MotionCore */;
		};
/* End PBXFileSystemSynchronizedBuildFileExceptionSet section */

/* Begin PBXFileSystemSynchronizedRootGroup section */
		4EBA616F2EA7C87D002426EE /* MotionCore */ = {
			isa = PBXFileSystemSynchronizedRootGroup;
			exceptions = (
				4E0C700B2EBB7C81007CE982 /* Exceptions for "MotionCore" folder in "MotionCore" target */,
			);
			path = MotionCore;
			sourceTree = "<group>";
		};
		4EF7B9B92F08133700C603DC /* MotionCoreWidgets */ = {
			isa = PBXFileSystemSynchronizedRootGroup;
			exceptions = (
				4EF7B9D12F0815DC00C603DC /* Exceptions for "MotionCoreWidgets" folder in "MotionCore" target */,
				4EF7B9CB2F08133700C603DC /* Exceptions for "MotionCoreWidgets" folder in "MotionCoreWidgetsExtension" target */,
			);
			path = MotionCoreWidgets;
			sourceTree = "<group>";
		};
/* End PBXFileSystemSynchronizedRootGroup section */

/* Begin PBXFrameworksBuildPhase section */
		4EBA616A2EA7C87D002426EE /* Frameworks */ = {
			isa = PBXFrameworksBuildPhase;
			buildActionMask = 2147483647;
			files = (
			);
			runOnlyForDeploymentPostprocessing = 0;
		};
		4EF7B9B02F08133600C603DC /* Frameworks */ = {
			isa = PBXFrameworksBuildPhase;
			buildActionMask = 2147483647;
			files = (
				4EF7B9B82F08133700C603DC /* SwiftUI.framework in Frameworks */,
				4EF7B9B62F08133700C603DC /* WidgetKit.framework in Frameworks */,
			);
			runOnlyForDeploymentPostprocessing = 0;
		};
/* End PBXFrameworksBuildPhase section */

/* Begin PBXGroup section */
		4E9F81F32F0C32D500BF3618 /* ExerciseGIF */ = {
			isa = PBXGroup;
			children = (
				4E9F81E72F0C32C300BF3618 /* Benchpress_Incline Dumbbell.gif */,
				4E9F81E82F0C32C300BF3618 /* Benchpress_Machine.gif */,
				4E9F81E92F0C32C300BF3618 /* CurlsBizeps_Cable.gif */,
				4E9F81EA2F0C32C300BF3618 /* HammerCurls_Dumbbell.gif */,
				4E9F81EB2F0C32C300BF3618 /* PushdownTriceps_Cable.gif */,
				4E9F81EC2F0C32C300BF3618 /* ShoulderPress_SeatedDumbbell.gif */,
			);
			path = ExerciseGIF;
			sourceTree = "<group>";
		};
		4EBA61642EA7C87D002426EE = {
			isa = PBXGroup;
			children = (
				4E9F81F32F0C32D500BF3618 /* ExerciseGIF */,
				4EF7B9CD2F08146300C603DC /* MotionCoreWidgetsExtension.entitlements */,
				4EF7B9B92F08133700C603DC /* MotionCoreWidgets */,
				4EF7B9B42F08133600C603DC /* Frameworks */,
				4EBA616E2EA7C87D002426EE /* Products */,
				4EBA616F2EA7C87D002426EE /* MotionCore */,
			);
			sourceTree = "<group>";
			usesTabs = 0;
		};
		4EBA616E2EA7C87D002426EE /* Products */ = {
			isa = PBXGroup;
			children = (
				4EBA616D2EA7C87D002426EE /* MotionCore.app */,
				4EF7B9B32F08133600C603DC /* MotionCoreWidgetsExtension.appex */,
			);
			name = Products;
			sourceTree = "<group>";
		};
		4EF7B9B42F08133600C603DC /* Frameworks */ = {
			isa = PBXGroup;
			children = (
				4EF7B9B52F08133600C603DC /* WidgetKit.framework */,
				4EF7B9B72F08133700C603DC /* SwiftUI.framework */,
			);
			name = Frameworks;
			sourceTree = "<group>";
		};
/* End PBXGroup section */

/* Begin PBXNativeTarget section */
		4EBA616C2EA7C87D002426EE /* MotionCore */ = {
			isa = PBXNativeTarget;
			buildConfigurationList = 4EBA617A2EA7C87E002426EE /* Build configuration list for PBXNativeTarget "MotionCore" */;
			buildPhases = (
				4EBA61692EA7C87D002426EE /* Sources */,
				4EBA616A2EA7C87D002426EE /* Frameworks */,
				4EBA616B2EA7C87D002426EE /* Resources */,
				4EF7B9C82F08133700C603DC /* Embed Foundation Extensions */,
			);
			buildRules = (
			);
			dependencies = (
				4EF7B9C62F08133700C603DC /* PBXTargetDependency */,
			);
			fileSystemSynchronizedGroups = (
				4EBA616F2EA7C87D002426EE /* MotionCore */,
			);
			name = MotionCore;
			packageProductDependencies = (
			);
			productName = Crosstrainer;
			productReference = 4EBA616D2EA7C87D002426EE /* MotionCore.app */;
			productType = "com.apple.product-type.application";
		};
		4EF7B9B22F08133600C603DC /* MotionCoreWidgetsExtension */ = {
			isa = PBXNativeTarget;
			buildConfigurationList = 4EF7B9CC2F08133700C603DC /* Build configuration list for PBXNativeTarget "MotionCoreWidgetsExtension" */;
			buildPhases = (
				4EF7B9AF2F08133600C603DC /* Sources */,
				4EF7B9B02F08133600C603DC /* Frameworks */,
				4EF7B9B12F08133600C603DC /* Resources */,
			);
			buildRules = (
			);
			dependencies = (
			);
			fileSystemSynchronizedGroups = (
				4EF7B9B92F08133700C603DC /* MotionCoreWidgets */,
			);
			name = MotionCoreWidgetsExtension;
			packageProductDependencies = (
			);
			productName = MotionCoreWidgetsExtension;
			productReference = 4EF7B9B32F08133600C603DC /* MotionCoreWidgetsExtension.appex */;
			productType = "com.apple.product-type.app-extension";
		};
/* End PBXNativeTarget section */

/* Begin PBXProject section */
		4EBA61652EA7C87D002426EE /* Project object */ = {
			isa = PBXProject;
			attributes = {
				BuildIndependentTargetsInParallel = 1;
				KnownAssetTags = (
					MockData,
					Preview,
				);
				LastSwiftUpdateCheck = 2620;
				LastUpgradeCheck = 2610;
				TargetAttributes = {
					4EBA616C2EA7C87D002426EE = {
						CreatedOnToolsVersion = 26.0.1;
					};
					4EF7B9B22F08133600C603DC = {
						CreatedOnToolsVersion = 26.2;
					};
				};
			};
			buildConfigurationList = 4EBA61682EA7C87D002426EE /* Build configuration list for PBXProject "MotionCore" */;
			developmentRegion = en;
			hasScannedForEncodings = 0;
			knownRegions = (
				en,
				Base,
			);
			mainGroup = 4EBA61642EA7C87D002426EE;
			minimizedProjectReferenceProxies = 1;
			preferredProjectObjectVersion = 77;
			productRefGroup = 4EBA616E2EA7C87D002426EE /* Products */;
			projectDirPath = "";
			projectRoot = "";
			targets = (
				4EBA616C2EA7C87D002426EE /* MotionCore */,
				4EF7B9B22F08133600C603DC /* MotionCoreWidgetsExtension */,
			);
		};
/* End PBXProject section */

/* Begin PBXResourcesBuildPhase section */
		4EBA616B2EA7C87D002426EE /* Resources */ = {
			isa = PBXResourcesBuildPhase;
			buildActionMask = 2147483647;
			files = (
				4E9F81ED2F0C32C300BF3618 /* Benchpress_Incline Dumbbell.gif in Resources */,
				4E9F81EE2F0C32C300BF3618 /* CurlsBizeps_Cable.gif in Resources */,
				4E9F81EF2F0C32C300BF3618 /* ShoulderPress_SeatedDumbbell.gif in Resources */,
				4E9F81F02F0C32C300BF3618 /* PushdownTriceps_Cable.gif in Resources */,
				4E9F81F12F0C32C300BF3618 /* Benchpress_Machine.gif in Resources */,
				4E9F81F22F0C32C300BF3618 /* HammerCurls_Dumbbell.gif in Resources */,
			);
			runOnlyForDeploymentPostprocessing = 0;
		};
		4EF7B9B12F08133600C603DC /* Resources */ = {
			isa = PBXResourcesBuildPhase;
			buildActionMask = 2147483647;
			files = (
			);
			runOnlyForDeploymentPostprocessing = 0;
		};
/* End PBXResourcesBuildPhase section */

/* Begin PBXSourcesBuildPhase section */
		4EBA61692EA7C87D002426EE /* Sources */ = {
			isa = PBXSourcesBuildPhase;
			buildActionMask = 2147483647;
			files = (
			);
			runOnlyForDeploymentPostprocessing = 0;
		};
		4EF7B9AF2F08133600C603DC /* Sources */ = {
			isa = PBXSourcesBuildPhase;
			buildActionMask = 2147483647;
			files = (
			);
			runOnlyForDeploymentPostprocessing = 0;
		};
/* End PBXSourcesBuildPhase section */

/* Begin PBXTargetDependency section */
		4EF7B9C62F08133700C603DC /* PBXTargetDependency */ = {
			isa = PBXTargetDependency;
			target = 4EF7B9B22F08133600C603DC /* MotionCoreWidgetsExtension */;
			targetProxy = 4EF7B9C52F08133700C603DC /* PBXContainerItemProxy */;
		};
/* End PBXTargetDependency section */

/* Begin XCBuildConfiguration section */
		4EBA61782EA7C87E002426EE /* Debug */ = {
			isa = XCBuildConfiguration;
			buildSettings = {
				ALWAYS_SEARCH_USER_PATHS = NO;
				ASSETCATALOG_COMPILER_GENERATE_SWIFT_ASSET_SYMBOL_EXTENSIONS = YES;
				CLANG_ANALYZER_NONNULL = YES;
				CLANG_ANALYZER_NUMBER_OBJECT_CONVERSION = YES_AGGRESSIVE;
				CLANG_CXX_LANGUAGE_STANDARD = "gnu++20";
				CLANG_ENABLE_MODULES = YES;
				CLANG_ENABLE_OBJC_ARC = YES;
				CLANG_ENABLE_OBJC_WEAK = YES;
				CLANG_WARN_BLOCK_CAPTURE_AUTORELEASING = YES;
				CLANG_WARN_BOOL_CONVERSION = YES;
				CLANG_WARN_COMMA = YES;
				CLANG_WARN_CONSTANT_CONVERSION = YES;
				CLANG_WARN_DEPRECATED_OBJC_IMPLEMENTATIONS = YES;
				CLANG_WARN_DIRECT_OBJC_ISA_USAGE = YES_ERROR;
				CLANG_WARN_DOCUMENTATION_COMMENTS = YES;
				CLANG_WARN_EMPTY_BODY = YES;
				CLANG_WARN_ENUM_CONVERSION = YES;
				CLANG_WARN_INFINITE_RECURSION = YES;
				CLANG_WARN_INT_CONVERSION = YES;
				CLANG_WARN_NON_LITERAL_NULL_CONVERSION = YES;
				CLANG_WARN_OBJC_IMPLICIT_RETAIN_SELF = YES;
				CLANG_WARN_OBJC_LITERAL_CONVERSION = YES;
				CLANG_WARN_OBJC_ROOT_CLASS = YES_ERROR;
				CLANG_WARN_QUOTED_INCLUDE_IN_FRAMEWORK_HEADER = YES;
				CLANG_WARN_RANGE_LOOP_ANALYSIS = YES;
				CLANG_WARN_STRICT_PROTOTYPES = YES;
				CLANG_WARN_SUSPICIOUS_MOVE = YES;
				CLANG_WARN_UNGUARDED_AVAILABILITY = YES_AGGRESSIVE;
				CLANG_WARN_UNREACHABLE_CODE = YES;
				CLANG_WARN__DUPLICATE_METHOD_MATCH = YES;
				COPY_PHASE_STRIP = NO;
				DEBUG_INFORMATION_FORMAT = dwarf;
				DEVELOPMENT_TEAM = 6XVYRUG73C;
				ENABLE_STRICT_OBJC_MSGSEND = YES;
				ENABLE_TESTABILITY = YES;
				ENABLE_USER_SCRIPT_SANDBOXING = YES;
				GCC_C_LANGUAGE_STANDARD = gnu17;
				GCC_DYNAMIC_NO_PIC = NO;
				GCC_NO_COMMON_BLOCKS = YES;
				GCC_OPTIMIZATION_LEVEL = 0;
				GCC_PREPROCESSOR_DEFINITIONS = (
					"DEBUG=1",
					"$(inherited)",
				);
				GCC_WARN_64_TO_32_BIT_CONVERSION = YES;
				GCC_WARN_ABOUT_RETURN_TYPE = YES_ERROR;
				GCC_WARN_UNDECLARED_SELECTOR = YES;
				GCC_WARN_UNINITIALIZED_AUTOS = YES_AGGRESSIVE;
				GCC_WARN_UNUSED_FUNCTION = YES;
				GCC_WARN_UNUSED_VARIABLE = YES;
				IPHONEOS_DEPLOYMENT_TARGET = 26.0;
				LOCALIZATION_PREFERS_STRING_CATALOGS = YES;
				MTL_ENABLE_DEBUG_INFO = INCLUDE_SOURCE;
				MTL_FAST_MATH = YES;
				ONLY_ACTIVE_ARCH = YES;
				SDKROOT = iphoneos;
				STRING_CATALOG_GENERATE_SYMBOLS = YES;
				SWIFT_ACTIVE_COMPILATION_CONDITIONS = "DEBUG $(inherited)";
				SWIFT_OPTIMIZATION_LEVEL = "-Onone";
			};
			name = Debug;
		};
		4EBA61792EA7C87E002426EE /* Release */ = {
			isa = XCBuildConfiguration;
			buildSettings = {
				ALWAYS_SEARCH_USER_PATHS = NO;
				ASSETCATALOG_COMPILER_GENERATE_SWIFT_ASSET_SYMBOL_EXTENSIONS = YES;
				CLANG_ANALYZER_NONNULL = YES;
				CLANG_ANALYZER_NUMBER_OBJECT_CONVERSION = YES_AGGRESSIVE;
				CLANG_CXX_LANGUAGE_STANDARD = "gnu++20";
				CLANG_ENABLE_MODULES = YES;
				CLANG_ENABLE_OBJC_ARC = YES;
				CLANG_ENABLE_OBJC_WEAK = YES;
				CLANG_WARN_BLOCK_CAPTURE_AUTORELEASING = YES;
				CLANG_WARN_BOOL_CONVERSION = YES;
				CLANG_WARN_COMMA = YES;
				CLANG_WARN_CONSTANT_CONVERSION = YES;
				CLANG_WARN_DEPRECATED_OBJC_IMPLEMENTATIONS = YES;
				CLANG_WARN_DIRECT_OBJC_ISA_USAGE = YES_ERROR;
				CLANG_WARN_DOCUMENTATION_COMMENTS = YES;
				CLANG_WARN_EMPTY_BODY = YES;
				CLANG_WARN_ENUM_CONVERSION = YES;
				CLANG_WARN_INFINITE_RECURSION = YES;
				CLANG_WARN_INT_CONVERSION = YES;
				CLANG_WARN_NON_LITERAL_NULL_CONVERSION = YES;
				CLANG_WARN_OBJC_IMPLICIT_RETAIN_SELF = YES;
				CLANG_WARN_OBJC_LITERAL_CONVERSION = YES;
				CLANG_WARN_OBJC_ROOT_CLASS = YES_ERROR;
				CLANG_WARN_QUOTED_INCLUDE_IN_FRAMEWORK_HEADER = YES;
				CLANG_WARN_RANGE_LOOP_ANALYSIS = YES;
				CLANG_WARN_STRICT_PROTOTYPES = YES;
				CLANG_WARN_SUSPICIOUS_MOVE = YES;
				CLANG_WARN_UNGUARDED_AVAILABILITY = YES_AGGRESSIVE;
				CLANG_WARN_UNREACHABLE_CODE = YES;
				CLANG_WARN__DUPLICATE_METHOD_MATCH = YES;
				COPY_PHASE_STRIP = NO;
				DEBUG_INFORMATION_FORMAT = "dwarf-with-dsym";
				DEVELOPMENT_TEAM = 6XVYRUG73C;
				ENABLE_NS_ASSERTIONS = NO;
				ENABLE_STRICT_OBJC_MSGSEND = YES;
				ENABLE_USER_SCRIPT_SANDBOXING = YES;
				GCC_C_LANGUAGE_STANDARD = gnu17;
				GCC_NO_COMMON_BLOCKS = YES;
				GCC_WARN_64_TO_32_BIT_CONVERSION = YES;
				GCC_WARN_ABOUT_RETURN_TYPE = YES_ERROR;
				GCC_WARN_UNDECLARED_SELECTOR = YES;
				GCC_WARN_UNINITIALIZED_AUTOS = YES_AGGRESSIVE;
				GCC_WARN_UNUSED_FUNCTION = YES;
				GCC_WARN_UNUSED_VARIABLE = YES;
				IPHONEOS_DEPLOYMENT_TARGET = 26.0;
				LOCALIZATION_PREFERS_STRING_CATALOGS = YES;
				MTL_ENABLE_DEBUG_INFO = NO;
				MTL_FAST_MATH = YES;
				SDKROOT = iphoneos;
				STRING_CATALOG_GENERATE_SYMBOLS = YES;
				SWIFT_COMPILATION_MODE = wholemodule;
				VALIDATE_PRODUCT = YES;
			};
			name = Release;
		};
		4EBA617B2EA7C87E002426EE /* Debug */ = {
			isa = XCBuildConfiguration;
			buildSettings = {
				ASSETCATALOG_COMPILER_APPICON_NAME = AppIcon;
				ASSETCATALOG_COMPILER_GLOBAL_ACCENT_COLOR_NAME = AccentColor;
				ASSETCATALOG_COMPILER_INCLUDE_ALL_APPICON_ASSETS = NO;
				CODE_SIGN_ENTITLEMENTS = MotionCore/MotionCore.entitlements;
				CODE_SIGN_STYLE = Automatic;
				CURRENT_PROJECT_VERSION = 3;
				DEVELOPMENT_TEAM = 6XVYRUG73C;
				ENABLE_PREVIEWS = YES;
				GENERATE_INFOPLIST_FILE = YES;
				INFOPLIST_FILE = MotionCore/Info.plist;
				INFOPLIST_KEY_CFBundleDisplayName = MotionCore;
				INFOPLIST_KEY_LSApplicationCategoryType = "public.app-category.healthcare-fitness";
				INFOPLIST_KEY_NSHealthShareUsageDescription = "MotionCore verwendet deine Gesundheitsdaten, um Herzfrequenz, Kalorienverbrauch und Trainingsdaten anzuzeigen und auszuwerten.";
				INFOPLIST_KEY_UIApplicationSceneManifest_Generation = YES;
				INFOPLIST_KEY_UIApplicationSupportsIndirectInputEvents = YES;
				INFOPLIST_KEY_UILaunchScreen_Generation = YES;
				INFOPLIST_KEY_UISupportedInterfaceOrientations = UIInterfaceOrientationPortrait;
				INFOPLIST_KEY_UISupportedInterfaceOrientations_iPad = "UIInterfaceOrientationLandscapeLeft UIInterfaceOrientationLandscapeRight UIInterfaceOrientationPortrait UIInterfaceOrientationPortraitUpsideDown";
				IPHONEOS_DEPLOYMENT_TARGET = 26.0;
				LD_RUNPATH_SEARCH_PATHS = (
					"$(inherited)",
					"@executable_path/Frameworks",
				);
				MARKETING_VERSION = 1.0.2;
				PRODUCT_BUNDLE_IDENTIFIER = com.barto.motioncore;
				PRODUCT_NAME = "$(TARGET_NAME)";
				STRING_CATALOG_GENERATE_SYMBOLS = YES;
				SUPPORTED_PLATFORMS = "iphoneos iphonesimulator";
				SUPPORTS_MACCATALYST = NO;
				SUPPORTS_MAC_DESIGNED_FOR_IPHONE_IPAD = NO;
				SUPPORTS_XR_DESIGNED_FOR_IPHONE_IPAD = NO;
				SWIFT_APPROACHABLE_CONCURRENCY = YES;
				SWIFT_DEFAULT_ACTOR_ISOLATION = MainActor;
				SWIFT_EMIT_LOC_STRINGS = YES;
				SWIFT_UPCOMING_FEATURE_MEMBER_IMPORT_VISIBILITY = YES;
				SWIFT_VERSION = 5.0;
				TARGETED_DEVICE_FAMILY = 1;
			};
			name = Debug;
		};
		4EBA617C2EA7C87E002426EE /* Release */ = {
			isa = XCBuildConfiguration;
			buildSettings = {
				ASSETCATALOG_COMPILER_APPICON_NAME = AppIcon;
				ASSETCATALOG_COMPILER_GLOBAL_ACCENT_COLOR_NAME = AccentColor;
				ASSETCATALOG_COMPILER_INCLUDE_ALL_APPICON_ASSETS = NO;
				CODE_SIGN_ENTITLEMENTS = MotionCore/MotionCore.entitlements;
				CODE_SIGN_IDENTITY = "Apple Development";
				CODE_SIGN_STYLE = Automatic;
				CURRENT_PROJECT_VERSION = 3;
				DEVELOPMENT_TEAM = 6XVYRUG73C;
				ENABLE_PREVIEWS = YES;
				GENERATE_INFOPLIST_FILE = YES;
				INFOPLIST_FILE = MotionCore/Info.plist;
				INFOPLIST_KEY_CFBundleDisplayName = MotionCore;
				INFOPLIST_KEY_LSApplicationCategoryType = "public.app-category.healthcare-fitness";
				INFOPLIST_KEY_NSHealthShareUsageDescription = "MotionCore verwendet deine Gesundheitsdaten, um Herzfrequenz, Kalorienverbrauch und Trainingsdaten anzuzeigen und auszuwerten.";
				INFOPLIST_KEY_UIApplicationSceneManifest_Generation = YES;
				INFOPLIST_KEY_UIApplicationSupportsIndirectInputEvents = YES;
				INFOPLIST_KEY_UILaunchScreen_Generation = YES;
				INFOPLIST_KEY_UISupportedInterfaceOrientations = UIInterfaceOrientationPortrait;
				INFOPLIST_KEY_UISupportedInterfaceOrientations_iPad = "UIInterfaceOrientationLandscapeLeft UIInterfaceOrientationLandscapeRight UIInterfaceOrientationPortrait UIInterfaceOrientationPortraitUpsideDown";
				IPHONEOS_DEPLOYMENT_TARGET = 26.0;
				LD_RUNPATH_SEARCH_PATHS = (
					"$(inherited)",
					"@executable_path/Frameworks",
				);
				MARKETING_VERSION = 1.0.2;
				PRODUCT_BUNDLE_IDENTIFIER = com.barto.motioncore;
				PRODUCT_NAME = "$(TARGET_NAME)";
				PROVISIONING_PROFILE_SPECIFIER = "";
				STRING_CATALOG_GENERATE_SYMBOLS = YES;
				SUPPORTED_PLATFORMS = "iphoneos iphonesimulator";
				SUPPORTS_MACCATALYST = NO;
				SUPPORTS_MAC_DESIGNED_FOR_IPHONE_IPAD = NO;
				SUPPORTS_XR_DESIGNED_FOR_IPHONE_IPAD = NO;
				SWIFT_APPROACHABLE_CONCURRENCY = YES;
				SWIFT_DEFAULT_ACTOR_ISOLATION = MainActor;
				SWIFT_EMIT_LOC_STRINGS = YES;
				SWIFT_UPCOMING_FEATURE_MEMBER_IMPORT_VISIBILITY = YES;
				SWIFT_VERSION = 5.0;
				TARGETED_DEVICE_FAMILY = 1;
			};
			name = Release;
		};
		4EF7B9C92F08133700C603DC /* Debug */ = {
			isa = XCBuildConfiguration;
			buildSettings = {
				ASSETCATALOG_COMPILER_GLOBAL_ACCENT_COLOR_NAME = AccentColor;
				ASSETCATALOG_COMPILER_WIDGET_BACKGROUND_COLOR_NAME = WidgetBackground;
				CODE_SIGN_ENTITLEMENTS = MotionCoreWidgetsExtension.entitlements;
				CODE_SIGN_STYLE = Automatic;
				CURRENT_PROJECT_VERSION = 3;
				DEVELOPMENT_TEAM = 6XVYRUG73C;
				GENERATE_INFOPLIST_FILE = YES;
				INFOPLIST_FILE = MotionCoreWidgets/Info.plist;
				INFOPLIST_KEY_CFBundleDisplayName = MotionCoreWidgets;
				INFOPLIST_KEY_NSHumanReadableCopyright = "";
				IPHONEOS_DEPLOYMENT_TARGET = 26.0;
				LD_RUNPATH_SEARCH_PATHS = (
					"$(inherited)",
					"@executable_path/Frameworks",
					"@executable_path/../../Frameworks",
				);
				MARKETING_VERSION = 1.0.2;
				PRODUCT_BUNDLE_IDENTIFIER = com.barto.motioncore.MotionCoreWidgets;
				PRODUCT_NAME = "$(TARGET_NAME)";
				SKIP_INSTALL = YES;
				STRING_CATALOG_GENERATE_SYMBOLS = YES;
				SWIFT_APPROACHABLE_CONCURRENCY = YES;
				SWIFT_EMIT_LOC_STRINGS = YES;
				SWIFT_UPCOMING_FEATURE_MEMBER_IMPORT_VISIBILITY = YES;
				SWIFT_VERSION = 5.0;
				TARGETED_DEVICE_FAMILY = "1,2";
			};
			name = Debug;
		};
		4EF7B9CA2F08133700C603DC /* Release */ = {
			isa = XCBuildConfiguration;
			buildSettings = {
				ASSETCATALOG_COMPILER_GLOBAL_ACCENT_COLOR_NAME = AccentColor;
				ASSETCATALOG_COMPILER_WIDGET_BACKGROUND_COLOR_NAME = WidgetBackground;
				CODE_SIGN_ENTITLEMENTS = MotionCoreWidgetsExtension.entitlements;
				CODE_SIGN_IDENTITY = "Apple Development";
				CODE_SIGN_STYLE = Automatic;
				CURRENT_PROJECT_VERSION = 3;
				DEVELOPMENT_TEAM = 6XVYRUG73C;
				GENERATE_INFOPLIST_FILE = YES;
				INFOPLIST_FILE = MotionCoreWidgets/Info.plist;
				INFOPLIST_KEY_CFBundleDisplayName = MotionCoreWidgets;
				INFOPLIST_KEY_NSHumanReadableCopyright = "";
				IPHONEOS_DEPLOYMENT_TARGET = 26.0;
				LD_RUNPATH_SEARCH_PATHS = (
					"$(inherited)",
					"@executable_path/Frameworks",
					"@executable_path/../../Frameworks",
				);
				MARKETING_VERSION = 1.0.2;
				PRODUCT_BUNDLE_IDENTIFIER = com.barto.motioncore.MotionCoreWidgets;
				PRODUCT_NAME = "$(TARGET_NAME)";
				SKIP_INSTALL = YES;
				STRING_CATALOG_GENERATE_SYMBOLS = YES;
				SWIFT_APPROACHABLE_CONCURRENCY = YES;
				SWIFT_EMIT_LOC_STRINGS = YES;
				SWIFT_UPCOMING_FEATURE_MEMBER_IMPORT_VISIBILITY = YES;
				SWIFT_VERSION = 5.0;
				TARGETED_DEVICE_FAMILY = "1,2";
			};
			name = Release;
		};
/* End XCBuildConfiguration section */

/* Begin XCConfigurationList section */
		4EBA61682EA7C87D002426EE /* Build configuration list for PBXProject "MotionCore" */ = {
			isa = XCConfigurationList;
			buildConfigurations = (
				4EBA61782EA7C87E002426EE /* Debug */,
				4EBA61792EA7C87E002426EE /* Release */,
			);
			defaultConfigurationIsVisible = 0;
			defaultConfigurationName = Release;
		};
		4EBA617A2EA7C87E002426EE /* Build configuration list for PBXNativeTarget "MotionCore" */ = {
			isa = XCConfigurationList;
			buildConfigurations = (
				4EBA617B2EA7C87E002426EE /* Debug */,
				4EBA617C2EA7C87E002426EE /* Release */,
			);
			defaultConfigurationIsVisible = 0;
			defaultConfigurationName = Release;
		};
		4EF7B9CC2F08133700C603DC /* Build configuration list for PBXNativeTarget "MotionCoreWidgetsExtension" */ = {
			isa = XCConfigurationList;
			buildConfigurations = (
				4EF7B9C92F08133700C603DC /* Debug */,
				4EF7B9CA2F08133700C603DC /* Release */,
			);
			defaultConfigurationIsVisible = 0;
			defaultConfigurationName = Release;
		};
/* End XCConfigurationList section */
	};
	rootObject = 4EBA61652EA7C87D002426EE /* Project object */;
}
